
Microsoft Visual Studio Solution File, Format Version 12.00
# Visual Studio Version 16
VisualStudioVersion = 16.0.31402.337
MinimumVisualStudioVersion = 10.0.40219.1
Project("{FAE04EC0-301F-11D3-BF4B-00C04F79EFBC}") = "AvoidFromDeadlockSample", "AvoidFromDeadlockSample\AvoidFromDeadlockSample.csproj", "{5FA7CC66-4EE8-4912-BD3B-1E8AA97A39AF}"
EndProject
Global
	GlobalSection(SolutionConfigurationPlatforms) = preSolution
		Debug|Any CPU = Debug|Any CPU
		Release|Any CPU = Release|Any CPU
	EndGlobalSection
	GlobalSection(ProjectConfigurationPlatforms) = postSolution
		{5FA7CC66-4EE8-4912-BD3B-1E8AA97A39AF}.Debug|Any CPU.ActiveCfg = Debug|Any CPU
		{5FA7CC66-4EE8-4912-BD3B-1E8AA97A39AF}.Debug|Any CPU.Build.0 = Debug|Any CPU
		{5FA7CC66-4EE8-4912-BD3B-1E8AA97A39AF}.Release|Any CPU.ActiveCfg = Release|Any CPU
		{5FA7CC66-4EE8-4912-BD3B-1E8AA97A39AF}.Release|Any CPU.Build.0 = Release|Any CPU
	EndGlobalSection
	GlobalSection(SolutionProperties) = preSolution
		HideSolutionNode = FALSE
	EndGlobalSection
	GlobalSection(ExtensibilityGlobals) = postSolution
		SolutionGuid = {CE1397EF-F056-448E-AF6C-4B88DA0D1688}
	EndGlobalSection
EndGlobal
